// !$*UTF8*$!
{
	archiveVersion = 1;
	classes = {
	};
	objectVersion = 56;
	objects = {

/* Begin PBXBuildFile section */
		02BCAADBCDB0EFB74DD7A849 /* Pods_RudderOneTrusttvOS.framework in Frameworks */ = {isa = PBXBuildFile; fileRef = EFEF0592BE11CAF46EE63BB7 /* Pods_RudderOneTrusttvOS.framework */; };
		1A910F98525EE424FF923D16 /* Pods_RudderOneTrustiOS.framework in Frameworks */ = {isa = PBXBuildFile; fileRef = 21B138BF6F6E0DCC2F0529EC /* Pods_RudderOneTrustiOS.framework */; };
		2BDF9EAA990031FF9E52C71A /* Pods_RudderOneTrustiOS_RudderOneTrustiOSTests.framework in Frameworks */ = {isa = PBXBuildFile; fileRef = D3B97855F12E7B8DC39ACF9A /* Pods_RudderOneTrustiOS_RudderOneTrustiOSTests.framework */; };
		33D2AA2B2FB86C64FE025FEF /* Pods_RudderOneTrusttvOS_RudderOneTrusttvOSTests.framework in Frameworks */ = {isa = PBXBuildFile; fileRef = 0A1075A1453F583BB5D92CD0 /* Pods_RudderOneTrusttvOS_RudderOneTrusttvOSTests.framework */; };
		4028292BC3E66E16FC67C728 /* Pods_SampleSwiftiOS.framework in Frameworks */ = {isa = PBXBuildFile; fileRef = F1688B1D22648AF46A97DE52 /* Pods_SampleSwiftiOS.framework */; };
		E91E7718FF4ECCA87723E418 /* Pods_SampleSwifttvOS.framework in Frameworks */ = {isa = PBXBuildFile; fileRef = 66E4ECBD230071CE1C81DDCD /* Pods_SampleSwifttvOS.framework */; };
		ED049F39297FE9460080A88D /* RudderOneTrustiOS.h in Headers */ = {isa = PBXBuildFile; fileRef = ED049F38297FE9460080A88D /* RudderOneTrustiOS.h */; settings = {ATTRIBUTES = (Public, ); }; };
		ED049F45297FE95B0080A88D /* RudderOneTrusttvOS.h in Headers */ = {isa = PBXBuildFile; fileRef = ED049F44297FE95B0080A88D /* RudderOneTrusttvOS.h */; settings = {ATTRIBUTES = (Public, ); }; };
		ED049F74298013FE0080A88D /* iOSSDK.swift in Sources */ = {isa = PBXBuildFile; fileRef = ED049F6B298013FE0080A88D /* iOSSDK.swift */; };
		ED049F76298013FE0080A88D /* OneTrustInterceptorModel.swift in Sources */ = {isa = PBXBuildFile; fileRef = ED049F6E298013FE0080A88D /* OneTrustInterceptorModel.swift */; };
		ED049F77298013FE0080A88D /* OneTrustInterceptor.swift in Sources */ = {isa = PBXBuildFile; fileRef = ED049F6F298013FE0080A88D /* OneTrustInterceptor.swift */; };
		ED049F78298013FE0080A88D /* OneTrustCategory.swift in Sources */ = {isa = PBXBuildFile; fileRef = ED049F70298013FE0080A88D /* OneTrustCategory.swift */; };
		ED049F7B298014120080A88D /* tvOSSDK.swift in Sources */ = {isa = PBXBuildFile; fileRef = ED049F73298013FE0080A88D /* tvOSSDK.swift */; };
		ED049F7C298014260080A88D /* OneTrustInterceptor.swift in Sources */ = {isa = PBXBuildFile; fileRef = ED049F6F298013FE0080A88D /* OneTrustInterceptor.swift */; };
		ED049F7F298014260080A88D /* OneTrustInterceptorModel.swift in Sources */ = {isa = PBXBuildFile; fileRef = ED049F6E298013FE0080A88D /* OneTrustInterceptorModel.swift */; };
		ED049F80298014260080A88D /* OneTrustCategory.swift in Sources */ = {isa = PBXBuildFile; fileRef = ED049F70298013FE0080A88D /* OneTrustCategory.swift */; };
		ED04A1B1298015AC0080A88D /* RudderOneTrustiOS.framework in Frameworks */ = {isa = PBXBuildFile; fileRef = ED049F36297FE9460080A88D /* RudderOneTrustiOS.framework */; };
		ED04A1B7298015C00080A88D /* OneTrustInterceptorTests.swift in Sources */ = {isa = PBXBuildFile; fileRef = ED04A1A4298014EA0080A88D /* OneTrustInterceptorTests.swift */; };
		ED04A1C1298015CC0080A88D /* RudderOneTrusttvOS.framework in Frameworks */ = {isa = PBXBuildFile; fileRef = ED049F42297FE95B0080A88D /* RudderOneTrusttvOS.framework */; };
		ED04A1D2298022720080A88D /* AppDelegate.swift in Sources */ = {isa = PBXBuildFile; fileRef = ED04A1D1298022720080A88D /* AppDelegate.swift */; };
		ED04A1D4298022720080A88D /* SceneDelegate.swift in Sources */ = {isa = PBXBuildFile; fileRef = ED04A1D3298022720080A88D /* SceneDelegate.swift */; };
		ED04A1D6298022720080A88D /* ViewController.swift in Sources */ = {isa = PBXBuildFile; fileRef = ED04A1D5298022720080A88D /* ViewController.swift */; };
		ED04A1D9298022720080A88D /* Main.storyboard in Resources */ = {isa = PBXBuildFile; fileRef = ED04A1D7298022720080A88D /* Main.storyboard */; };
		ED04A1DB298022740080A88D /* Assets.xcassets in Resources */ = {isa = PBXBuildFile; fileRef = ED04A1DA298022740080A88D /* Assets.xcassets */; };
		ED04A1DE298022740080A88D /* LaunchScreen.storyboard in Resources */ = {isa = PBXBuildFile; fileRef = ED04A1DC298022740080A88D /* LaunchScreen.storyboard */; };
		ED04A1EA298022B50080A88D /* AppDelegate.swift in Sources */ = {isa = PBXBuildFile; fileRef = ED04A1E9298022B50080A88D /* AppDelegate.swift */; };
		ED04A1EC298022B50080A88D /* ViewController.swift in Sources */ = {isa = PBXBuildFile; fileRef = ED04A1EB298022B50080A88D /* ViewController.swift */; };
		ED04A1EF298022B50080A88D /* Main.storyboard in Resources */ = {isa = PBXBuildFile; fileRef = ED04A1ED298022B50080A88D /* Main.storyboard */; };
		ED04A1F1298022B60080A88D /* Assets.xcassets in Resources */ = {isa = PBXBuildFile; fileRef = ED04A1F0298022B60080A88D /* Assets.xcassets */; };
		ED04A1F4298022B60080A88D /* LaunchScreen.storyboard in Resources */ = {isa = PBXBuildFile; fileRef = ED04A1F2298022B60080A88D /* LaunchScreen.storyboard */; };
		ED04A1FC29802B5A0080A88D /* TestUtils.swift in Sources */ = {isa = PBXBuildFile; fileRef = ED049F71298013FE0080A88D /* TestUtils.swift */; };
		ED04A1FD29802B5A0080A88D /* TestUtils.swift in Sources */ = {isa = PBXBuildFile; fileRef = ED049F71298013FE0080A88D /* TestUtils.swift */; };
		ED04A200298131D30080A88D /* TestSDK.swift in Sources */ = {isa = PBXBuildFile; fileRef = ED04A1FF298131D30080A88D /* TestSDK.swift */; };
		ED04A201298131D30080A88D /* TestSDK.swift in Sources */ = {isa = PBXBuildFile; fileRef = ED04A1FF298131D30080A88D /* TestSDK.swift */; };
		ED04A20429817B470080A88D /* OneTrustInterceptorModelTests.swift in Sources */ = {isa = PBXBuildFile; fileRef = ED04A20329817B470080A88D /* OneTrustInterceptorModelTests.swift */; };
		ED04A20B298180EC0080A88D /* DestinationConfig.swift in Sources */ = {isa = PBXBuildFile; fileRef = ED04A208298180E60080A88D /* DestinationConfig.swift */; };
		ED04A20C298180ED0080A88D /* DestinationConfig.swift in Sources */ = {isa = PBXBuildFile; fileRef = ED04A208298180E60080A88D /* DestinationConfig.swift */; };
		ED04A20D298182B70080A88D /* OneTrustCookieCategory.swift in Sources */ = {isa = PBXBuildFile; fileRef = ED04A20529817FE80080A88D /* OneTrustCookieCategory.swift */; };
		ED04A20E298182B80080A88D /* OneTrustCookieCategory.swift in Sources */ = {isa = PBXBuildFile; fileRef = ED04A20529817FE80080A88D /* OneTrustCookieCategory.swift */; };
		ED04A210298185A70080A88D /* TestCookieCategory.swift in Sources */ = {isa = PBXBuildFile; fileRef = ED04A20F298185A70080A88D /* TestCookieCategory.swift */; };
		ED04A211298185A70080A88D /* TestCookieCategory.swift in Sources */ = {isa = PBXBuildFile; fileRef = ED04A20F298185A70080A88D /* TestCookieCategory.swift */; };
		ED04A2202981AD8C0080A88D /* test-destination-has-no-category.json in Resources */ = {isa = PBXBuildFile; fileRef = ED04A2182981AD8C0080A88D /* test-destination-has-no-category.json */; };
		ED04A2212981AD8C0080A88D /* test-destination-has-no-category.json in Resources */ = {isa = PBXBuildFile; fileRef = ED04A2182981AD8C0080A88D /* test-destination-has-no-category.json */; };
		ED04A2282981AD8C0080A88D /* test-some-destination-has-category.json in Resources */ = {isa = PBXBuildFile; fileRef = ED04A21C2981AD8C0080A88D /* test-some-destination-has-category.json */; };
		ED04A2292981AD8C0080A88D /* test-some-destination-has-category.json in Resources */ = {isa = PBXBuildFile; fileRef = ED04A21C2981AD8C0080A88D /* test-some-destination-has-category.json */; };
		ED04A22C2981B3C60080A88D /* OneTrustInterceptorTests.swift in Sources */ = {isa = PBXBuildFile; fileRef = ED04A1A4298014EA0080A88D /* OneTrustInterceptorTests.swift */; };
		ED04A22D2981B3C60080A88D /* OneTrustInterceptorModelTests.swift in Sources */ = {isa = PBXBuildFile; fileRef = ED04A20329817B470080A88D /* OneTrustInterceptorModelTests.swift */; };
		ED04A22F29826EC90080A88D /* test-all-destination-has-category.json in Resources */ = {isa = PBXBuildFile; fileRef = ED04A22E29826EC90080A88D /* test-all-destination-has-category.json */; };
		ED04A23029826EC90080A88D /* test-all-destination-has-category.json in Resources */ = {isa = PBXBuildFile; fileRef = ED04A22E29826EC90080A88D /* test-all-destination-has-category.json */; };
		ED04A23229827AB10080A88D /* RudderConfig.plist in Resources */ = {isa = PBXBuildFile; fileRef = ED04A23129827AB10080A88D /* RudderConfig.plist */; };
		ED04A23329827B0F0080A88D /* RudderConfig.plist in Resources */ = {isa = PBXBuildFile; fileRef = ED04A23129827AB10080A88D /* RudderConfig.plist */; };
		ED04A2352982D5960080A88D /* RudderConfig.swift in Sources */ = {isa = PBXBuildFile; fileRef = ED04A2342982D5960080A88D /* RudderConfig.swift */; };
		ED04A2362982D5960080A88D /* RudderConfig.swift in Sources */ = {isa = PBXBuildFile; fileRef = ED04A2342982D5960080A88D /* RudderConfig.swift */; };
/* End PBXBuildFile section */

/* Begin PBXContainerItemProxy section */
		ED04A1B2298015AC0080A88D /* PBXContainerItemProxy */ = {
			isa = PBXContainerItemProxy;
			containerPortal = ED049F1E297FE8BE0080A88D /* Project object */;
			proxyType = 1;
			remoteGlobalIDString = ED049F35297FE9460080A88D;
			remoteInfo = RudderOneTrustiOS;
		};
		ED04A1C2298015CC0080A88D /* PBXContainerItemProxy */ = {
			isa = PBXContainerItemProxy;
			containerPortal = ED049F1E297FE8BE0080A88D /* Project object */;
			proxyType = 1;
			remoteGlobalIDString = ED049F41297FE95B0080A88D;
			remoteInfo = RudderOneTrusttvOS;
		};
/* End PBXContainerItemProxy section */

/* Begin PBXFileReference section */
		0A1075A1453F583BB5D92CD0 /* Pods_RudderOneTrusttvOS_RudderOneTrusttvOSTests.framework */ = {isa = PBXFileReference; explicitFileType = wrapper.framework; includeInIndex = 0; path = Pods_RudderOneTrusttvOS_RudderOneTrusttvOSTests.framework; sourceTree = BUILT_PRODUCTS_DIR; };
		11958DF294CFE1398CAA3920 /* Pods-RudderOneTrusttvOS.debug.xcconfig */ = {isa = PBXFileReference; includeInIndex = 1; lastKnownFileType = text.xcconfig; name = "Pods-RudderOneTrusttvOS.debug.xcconfig"; path = "Target Support Files/Pods-RudderOneTrusttvOS/Pods-RudderOneTrusttvOS.debug.xcconfig"; sourceTree = "<group>"; };
		1FC5B0AF00E015D9D8E98F65 /* Pods-RudderOneTrustiOS.debug.xcconfig */ = {isa = PBXFileReference; includeInIndex = 1; lastKnownFileType = text.xcconfig; name = "Pods-RudderOneTrustiOS.debug.xcconfig"; path = "Target Support Files/Pods-RudderOneTrustiOS/Pods-RudderOneTrustiOS.debug.xcconfig"; sourceTree = "<group>"; };
		21B138BF6F6E0DCC2F0529EC /* Pods_RudderOneTrustiOS.framework */ = {isa = PBXFileReference; explicitFileType = wrapper.framework; includeInIndex = 0; path = Pods_RudderOneTrustiOS.framework; sourceTree = BUILT_PRODUCTS_DIR; };
		51142345C2EB0CCEC8B8CAA8 /* Pods-RudderOneTrusttvOS-RudderOneTrusttvOSTests.debug.xcconfig */ = {isa = PBXFileReference; includeInIndex = 1; lastKnownFileType = text.xcconfig; name = "Pods-RudderOneTrusttvOS-RudderOneTrusttvOSTests.debug.xcconfig"; path = "Target Support Files/Pods-RudderOneTrusttvOS-RudderOneTrusttvOSTests/Pods-RudderOneTrusttvOS-RudderOneTrusttvOSTests.debug.xcconfig"; sourceTree = "<group>"; };
		66E4ECBD230071CE1C81DDCD /* Pods_SampleSwifttvOS.framework */ = {isa = PBXFileReference; explicitFileType = wrapper.framework; includeInIndex = 0; path = Pods_SampleSwifttvOS.framework; sourceTree = BUILT_PRODUCTS_DIR; };
		75374234C2361FB1087E1745 /* Pods-RudderOneTrustiOS.release.xcconfig */ = {isa = PBXFileReference; includeInIndex = 1; lastKnownFileType = text.xcconfig; name = "Pods-RudderOneTrustiOS.release.xcconfig"; path = "Target Support Files/Pods-RudderOneTrustiOS/Pods-RudderOneTrustiOS.release.xcconfig"; sourceTree = "<group>"; };
		7DB71A80FEA784179F39C618 /* Pods-SampleSwiftiOS.debug.xcconfig */ = {isa = PBXFileReference; includeInIndex = 1; lastKnownFileType = text.xcconfig; name = "Pods-SampleSwiftiOS.debug.xcconfig"; path = "Target Support Files/Pods-SampleSwiftiOS/Pods-SampleSwiftiOS.debug.xcconfig"; sourceTree = "<group>"; };
		87AC4DE045E524878D46DA9D /* Pods-RudderOneTrustiOS-RudderOneTrustiOSTests.debug.xcconfig */ = {isa = PBXFileReference; includeInIndex = 1; lastKnownFileType = text.xcconfig; name = "Pods-RudderOneTrustiOS-RudderOneTrustiOSTests.debug.xcconfig"; path = "Target Support Files/Pods-RudderOneTrustiOS-RudderOneTrustiOSTests/Pods-RudderOneTrustiOS-RudderOneTrustiOSTests.debug.xcconfig"; sourceTree = "<group>"; };
		8E001B3C9B414A8F9A8F1A3F /* Pods-RudderOneTrustiOS-RudderOneTrustiOSTests.release.xcconfig */ = {isa = PBXFileReference; includeInIndex = 1; lastKnownFileType = text.xcconfig; name = "Pods-RudderOneTrustiOS-RudderOneTrustiOSTests.release.xcconfig"; path = "Target Support Files/Pods-RudderOneTrustiOS-RudderOneTrustiOSTests/Pods-RudderOneTrustiOS-RudderOneTrustiOSTests.release.xcconfig"; sourceTree = "<group>"; };
		CF7F522A7CB0B46DF5EBA23E /* Pods-SampleSwifttvOS.debug.xcconfig */ = {isa = PBXFileReference; includeInIndex = 1; lastKnownFileType = text.xcconfig; name = "Pods-SampleSwifttvOS.debug.xcconfig"; path = "Target Support Files/Pods-SampleSwifttvOS/Pods-SampleSwifttvOS.debug.xcconfig"; sourceTree = "<group>"; };
		D3B97855F12E7B8DC39ACF9A /* Pods_RudderOneTrustiOS_RudderOneTrustiOSTests.framework */ = {isa = PBXFileReference; explicitFileType = wrapper.framework; includeInIndex = 0; path = Pods_RudderOneTrustiOS_RudderOneTrustiOSTests.framework; sourceTree = BUILT_PRODUCTS_DIR; };
		DE674F40947A6F35B9C69A7C /* Pods-SampleSwiftiOS.release.xcconfig */ = {isa = PBXFileReference; includeInIndex = 1; lastKnownFileType = text.xcconfig; name = "Pods-SampleSwiftiOS.release.xcconfig"; path = "Target Support Files/Pods-SampleSwiftiOS/Pods-SampleSwiftiOS.release.xcconfig"; sourceTree = "<group>"; };
		ED049F36297FE9460080A88D /* RudderOneTrustiOS.framework */ = {isa = PBXFileReference; explicitFileType = wrapper.framework; includeInIndex = 0; path = RudderOneTrustiOS.framework; sourceTree = BUILT_PRODUCTS_DIR; };
		ED049F38297FE9460080A88D /* RudderOneTrustiOS.h */ = {isa = PBXFileReference; lastKnownFileType = sourcecode.c.h; path = RudderOneTrustiOS.h; sourceTree = "<group>"; };
		ED049F42297FE95B0080A88D /* RudderOneTrusttvOS.framework */ = {isa = PBXFileReference; explicitFileType = wrapper.framework; includeInIndex = 0; path = RudderOneTrusttvOS.framework; sourceTree = BUILT_PRODUCTS_DIR; };
		ED049F44297FE95B0080A88D /* RudderOneTrusttvOS.h */ = {isa = PBXFileReference; lastKnownFileType = sourcecode.c.h; path = RudderOneTrusttvOS.h; sourceTree = "<group>"; };
		ED049F6B298013FE0080A88D /* iOSSDK.swift */ = {isa = PBXFileReference; fileEncoding = 4; lastKnownFileType = sourcecode.swift; path = iOSSDK.swift; sourceTree = "<group>"; };
		ED049F6E298013FE0080A88D /* OneTrustInterceptorModel.swift */ = {isa = PBXFileReference; fileEncoding = 4; lastKnownFileType = sourcecode.swift; path = OneTrustInterceptorModel.swift; sourceTree = "<group>"; };
		ED049F6F298013FE0080A88D /* OneTrustInterceptor.swift */ = {isa = PBXFileReference; fileEncoding = 4; lastKnownFileType = sourcecode.swift; path = OneTrustInterceptor.swift; sourceTree = "<group>"; };
		ED049F70298013FE0080A88D /* OneTrustCategory.swift */ = {isa = PBXFileReference; fileEncoding = 4; lastKnownFileType = sourcecode.swift; path = OneTrustCategory.swift; sourceTree = "<group>"; };
		ED049F71298013FE0080A88D /* TestUtils.swift */ = {isa = PBXFileReference; fileEncoding = 4; lastKnownFileType = sourcecode.swift; path = TestUtils.swift; sourceTree = "<group>"; };
		ED049F73298013FE0080A88D /* tvOSSDK.swift */ = {isa = PBXFileReference; fileEncoding = 4; lastKnownFileType = sourcecode.swift; path = tvOSSDK.swift; sourceTree = "<group>"; };
		ED04A1A4298014EA0080A88D /* OneTrustInterceptorTests.swift */ = {isa = PBXFileReference; fileEncoding = 4; lastKnownFileType = sourcecode.swift; path = OneTrustInterceptorTests.swift; sourceTree = "<group>"; };
		ED04A1AD298015AC0080A88D /* RudderOneTrustiOSTests.xctest */ = {isa = PBXFileReference; explicitFileType = wrapper.cfbundle; includeInIndex = 0; path = RudderOneTrustiOSTests.xctest; sourceTree = BUILT_PRODUCTS_DIR; };
		ED04A1BD298015CC0080A88D /* RudderOneTrusttvOSTests.xctest */ = {isa = PBXFileReference; explicitFileType = wrapper.cfbundle; includeInIndex = 0; path = RudderOneTrusttvOSTests.xctest; sourceTree = BUILT_PRODUCTS_DIR; };
		ED04A1C9298016840080A88D /* RudderOneTrust.podspec */ = {isa = PBXFileReference; lastKnownFileType = text; name = RudderOneTrust.podspec; path = ../RudderOneTrust.podspec; sourceTree = "<group>"; xcLanguageSpecificationIdentifier = xcode.lang.ruby; };
		ED04A1CA298016840080A88D /* Podfile */ = {isa = PBXFileReference; lastKnownFileType = text; path = Podfile; sourceTree = "<group>"; };
		ED04A1CF298022720080A88D /* SampleSwiftiOS.app */ = {isa = PBXFileReference; explicitFileType = wrapper.application; includeInIndex = 0; path = SampleSwiftiOS.app; sourceTree = BUILT_PRODUCTS_DIR; };
		ED04A1D1298022720080A88D /* AppDelegate.swift */ = {isa = PBXFileReference; lastKnownFileType = sourcecode.swift; path = AppDelegate.swift; sourceTree = "<group>"; };
		ED04A1D3298022720080A88D /* SceneDelegate.swift */ = {isa = PBXFileReference; lastKnownFileType = sourcecode.swift; path = SceneDelegate.swift; sourceTree = "<group>"; };
		ED04A1D5298022720080A88D /* ViewController.swift */ = {isa = PBXFileReference; lastKnownFileType = sourcecode.swift; path = ViewController.swift; sourceTree = "<group>"; };
		ED04A1D8298022720080A88D /* Base */ = {isa = PBXFileReference; lastKnownFileType = file.storyboard; name = Base; path = Base.lproj/Main.storyboard; sourceTree = "<group>"; };
		ED04A1DA298022740080A88D /* Assets.xcassets */ = {isa = PBXFileReference; lastKnownFileType = folder.assetcatalog; path = Assets.xcassets; sourceTree = "<group>"; };
		ED04A1DD298022740080A88D /* Base */ = {isa = PBXFileReference; lastKnownFileType = file.storyboard; name = Base; path = Base.lproj/LaunchScreen.storyboard; sourceTree = "<group>"; };
		ED04A1DF298022740080A88D /* Info.plist */ = {isa = PBXFileReference; lastKnownFileType = text.plist.xml; path = Info.plist; sourceTree = "<group>"; };
		ED04A1E7298022B50080A88D /* SampleSwifttvOS.app */ = {isa = PBXFileReference; explicitFileType = wrapper.application; includeInIndex = 0; path = SampleSwifttvOS.app; sourceTree = BUILT_PRODUCTS_DIR; };
		ED04A1E9298022B50080A88D /* AppDelegate.swift */ = {isa = PBXFileReference; lastKnownFileType = sourcecode.swift; path = AppDelegate.swift; sourceTree = "<group>"; };
		ED04A1EB298022B50080A88D /* ViewController.swift */ = {isa = PBXFileReference; lastKnownFileType = sourcecode.swift; path = ViewController.swift; sourceTree = "<group>"; };
		ED04A1EE298022B50080A88D /* Base */ = {isa = PBXFileReference; lastKnownFileType = file.storyboard; name = Base; path = Base.lproj/Main.storyboard; sourceTree = "<group>"; };
		ED04A1F0298022B60080A88D /* Assets.xcassets */ = {isa = PBXFileReference; lastKnownFileType = folder.assetcatalog; path = Assets.xcassets; sourceTree = "<group>"; };
		ED04A1F3298022B60080A88D /* Base */ = {isa = PBXFileReference; lastKnownFileType = file.storyboard; name = Base; path = Base.lproj/LaunchScreen.storyboard; sourceTree = "<group>"; };
		ED04A1FF298131D30080A88D /* TestSDK.swift */ = {isa = PBXFileReference; lastKnownFileType = sourcecode.swift; path = TestSDK.swift; sourceTree = "<group>"; };
		ED04A20329817B470080A88D /* OneTrustInterceptorModelTests.swift */ = {isa = PBXFileReference; lastKnownFileType = sourcecode.swift; path = OneTrustInterceptorModelTests.swift; sourceTree = "<group>"; };
		ED04A20529817FE80080A88D /* OneTrustCookieCategory.swift */ = {isa = PBXFileReference; lastKnownFileType = sourcecode.swift; path = OneTrustCookieCategory.swift; sourceTree = "<group>"; };
		ED04A208298180E60080A88D /* DestinationConfig.swift */ = {isa = PBXFileReference; fileEncoding = 4; lastKnownFileType = sourcecode.swift; path = DestinationConfig.swift; sourceTree = "<group>"; };
		ED04A20F298185A70080A88D /* TestCookieCategory.swift */ = {isa = PBXFileReference; lastKnownFileType = sourcecode.swift; path = TestCookieCategory.swift; sourceTree = "<group>"; };
		ED04A2182981AD8C0080A88D /* test-destination-has-no-category.json */ = {isa = PBXFileReference; fileEncoding = 4; lastKnownFileType = text.json; path = "test-destination-has-no-category.json"; sourceTree = "<group>"; };
		ED04A21C2981AD8C0080A88D /* test-some-destination-has-category.json */ = {isa = PBXFileReference; fileEncoding = 4; lastKnownFileType = text.json; path = "test-some-destination-has-category.json"; sourceTree = "<group>"; };
		ED04A22E29826EC90080A88D /* test-all-destination-has-category.json */ = {isa = PBXFileReference; fileEncoding = 4; lastKnownFileType = text.json; path = "test-all-destination-has-category.json"; sourceTree = "<group>"; };
		ED04A23129827AB10080A88D /* RudderConfig.plist */ = {isa = PBXFileReference; lastKnownFileType = text.plist.xml; path = RudderConfig.plist; sourceTree = "<group>"; };
		ED04A2342982D5960080A88D /* RudderConfig.swift */ = {isa = PBXFileReference; lastKnownFileType = sourcecode.swift; path = RudderConfig.swift; sourceTree = "<group>"; };
		EFEF0592BE11CAF46EE63BB7 /* Pods_RudderOneTrusttvOS.framework */ = {isa = PBXFileReference; explicitFileType = wrapper.framework; includeInIndex = 0; path = Pods_RudderOneTrusttvOS.framework; sourceTree = BUILT_PRODUCTS_DIR; };
		F1688B1D22648AF46A97DE52 /* Pods_SampleSwiftiOS.framework */ = {isa = PBXFileReference; explicitFileType = wrapper.framework; includeInIndex = 0; path = Pods_SampleSwiftiOS.framework; sourceTree = BUILT_PRODUCTS_DIR; };
		F6FAF017F463077BE83C1787 /* Pods-RudderOneTrusttvOS.release.xcconfig */ = {isa = PBXFileReference; includeInIndex = 1; lastKnownFileType = text.xcconfig; name = "Pods-RudderOneTrusttvOS.release.xcconfig"; path = "Target Support Files/Pods-RudderOneTrusttvOS/Pods-RudderOneTrusttvOS.release.xcconfig"; sourceTree = "<group>"; };
		F8B796B93D9CF6099A1D082C /* Pods-RudderOneTrusttvOS-RudderOneTrusttvOSTests.release.xcconfig */ = {isa = PBXFileReference; includeInIndex = 1; lastKnownFileType = text.xcconfig; name = "Pods-RudderOneTrusttvOS-RudderOneTrusttvOSTests.release.xcconfig"; path = "Target Support Files/Pods-RudderOneTrusttvOS-RudderOneTrusttvOSTests/Pods-RudderOneTrusttvOS-RudderOneTrusttvOSTests.release.xcconfig"; sourceTree = "<group>"; };
		FAF4CEEFCE7029B3F5F58BEB /* Pods-SampleSwifttvOS.release.xcconfig */ = {isa = PBXFileReference; includeInIndex = 1; lastKnownFileType = text.xcconfig; name = "Pods-SampleSwifttvOS.release.xcconfig"; path = "Target Support Files/Pods-SampleSwifttvOS/Pods-SampleSwifttvOS.release.xcconfig"; sourceTree = "<group>"; };
/* End PBXFileReference section */

/* Begin PBXFrameworksBuildPhase section */
		ED049F33297FE9460080A88D /* Frameworks */ = {
			isa = PBXFrameworksBuildPhase;
			buildActionMask = 2147483647;
			files = (
				1A910F98525EE424FF923D16 /* Pods_RudderOneTrustiOS.framework in Frameworks */,
			);
			runOnlyForDeploymentPostprocessing = 0;
		};
		ED049F3F297FE95B0080A88D /* Frameworks */ = {
			isa = PBXFrameworksBuildPhase;
			buildActionMask = 2147483647;
			files = (
				02BCAADBCDB0EFB74DD7A849 /* Pods_RudderOneTrusttvOS.framework in Frameworks */,
			);
			runOnlyForDeploymentPostprocessing = 0;
		};
		ED04A1AA298015AC0080A88D /* Frameworks */ = {
			isa = PBXFrameworksBuildPhase;
			buildActionMask = 2147483647;
			files = (
				ED04A1B1298015AC0080A88D /* RudderOneTrustiOS.framework in Frameworks */,
				2BDF9EAA990031FF9E52C71A /* Pods_RudderOneTrustiOS_RudderOneTrustiOSTests.framework in Frameworks */,
			);
			runOnlyForDeploymentPostprocessing = 0;
		};
		ED04A1BA298015CC0080A88D /* Frameworks */ = {
			isa = PBXFrameworksBuildPhase;
			buildActionMask = 2147483647;
			files = (
				ED04A1C1298015CC0080A88D /* RudderOneTrusttvOS.framework in Frameworks */,
				33D2AA2B2FB86C64FE025FEF /* Pods_RudderOneTrusttvOS_RudderOneTrusttvOSTests.framework in Frameworks */,
			);
			runOnlyForDeploymentPostprocessing = 0;
		};
		ED04A1CC298022720080A88D /* Frameworks */ = {
			isa = PBXFrameworksBuildPhase;
			buildActionMask = 2147483647;
			files = (
				4028292BC3E66E16FC67C728 /* Pods_SampleSwiftiOS.framework in Frameworks */,
			);
			runOnlyForDeploymentPostprocessing = 0;
		};
		ED04A1E4298022B50080A88D /* Frameworks */ = {
			isa = PBXFrameworksBuildPhase;
			buildActionMask = 2147483647;
			files = (
				E91E7718FF4ECCA87723E418 /* Pods_SampleSwifttvOS.framework in Frameworks */,
			);
			runOnlyForDeploymentPostprocessing = 0;
		};
/* End PBXFrameworksBuildPhase section */

/* Begin PBXGroup section */
		53741640C1AEAF47350D1B28 /* Pods */ = {
			isa = PBXGroup;
			children = (
				1FC5B0AF00E015D9D8E98F65 /* Pods-RudderOneTrustiOS.debug.xcconfig */,
				75374234C2361FB1087E1745 /* Pods-RudderOneTrustiOS.release.xcconfig */,
				11958DF294CFE1398CAA3920 /* Pods-RudderOneTrusttvOS.debug.xcconfig */,
				F6FAF017F463077BE83C1787 /* Pods-RudderOneTrusttvOS.release.xcconfig */,
				87AC4DE045E524878D46DA9D /* Pods-RudderOneTrustiOS-RudderOneTrustiOSTests.debug.xcconfig */,
				8E001B3C9B414A8F9A8F1A3F /* Pods-RudderOneTrustiOS-RudderOneTrustiOSTests.release.xcconfig */,
				51142345C2EB0CCEC8B8CAA8 /* Pods-RudderOneTrusttvOS-RudderOneTrusttvOSTests.debug.xcconfig */,
				F8B796B93D9CF6099A1D082C /* Pods-RudderOneTrusttvOS-RudderOneTrusttvOSTests.release.xcconfig */,
				7DB71A80FEA784179F39C618 /* Pods-SampleSwiftiOS.debug.xcconfig */,
				DE674F40947A6F35B9C69A7C /* Pods-SampleSwiftiOS.release.xcconfig */,
				CF7F522A7CB0B46DF5EBA23E /* Pods-SampleSwifttvOS.debug.xcconfig */,
				FAF4CEEFCE7029B3F5F58BEB /* Pods-SampleSwifttvOS.release.xcconfig */,
			);
			path = Pods;
			sourceTree = "<group>";
		};
		A0F5CBE359D9F61DE572EE1C /* Frameworks */ = {
			isa = PBXGroup;
			children = (
				21B138BF6F6E0DCC2F0529EC /* Pods_RudderOneTrustiOS.framework */,
				EFEF0592BE11CAF46EE63BB7 /* Pods_RudderOneTrusttvOS.framework */,
				D3B97855F12E7B8DC39ACF9A /* Pods_RudderOneTrustiOS_RudderOneTrustiOSTests.framework */,
				0A1075A1453F583BB5D92CD0 /* Pods_RudderOneTrusttvOS_RudderOneTrusttvOSTests.framework */,
				F1688B1D22648AF46A97DE52 /* Pods_SampleSwiftiOS.framework */,
				66E4ECBD230071CE1C81DDCD /* Pods_SampleSwifttvOS.framework */,
			);
			name = Frameworks;
			sourceTree = "<group>";
		};
		ED049F1D297FE8BE0080A88D = {
			isa = PBXGroup;
			children = (
				ED04A1CA298016840080A88D /* Podfile */,
				ED04A1C9298016840080A88D /* RudderOneTrust.podspec */,
				ED049F69298013FE0080A88D /* Sources */,
				ED04A1A2298014EA0080A88D /* Tests */,
				ED04A2372982D8280080A88D /* RudderConfig */,
				ED049F37297FE9460080A88D /* RudderOneTrustiOS */,
				ED049F43297FE95B0080A88D /* RudderOneTrusttvOS */,
				ED04A1D0298022720080A88D /* SampleSwiftiOS */,
				ED04A1E8298022B50080A88D /* SampleSwifttvOS */,
				ED049F28297FE8BE0080A88D /* Products */,
				53741640C1AEAF47350D1B28 /* Pods */,
				A0F5CBE359D9F61DE572EE1C /* Frameworks */,
			);
			sourceTree = "<group>";
		};
		ED049F28297FE8BE0080A88D /* Products */ = {
			isa = PBXGroup;
			children = (
				ED049F36297FE9460080A88D /* RudderOneTrustiOS.framework */,
				ED049F42297FE95B0080A88D /* RudderOneTrusttvOS.framework */,
				ED04A1AD298015AC0080A88D /* RudderOneTrustiOSTests.xctest */,
				ED04A1BD298015CC0080A88D /* RudderOneTrusttvOSTests.xctest */,
				ED04A1CF298022720080A88D /* SampleSwiftiOS.app */,
				ED04A1E7298022B50080A88D /* SampleSwifttvOS.app */,
			);
			name = Products;
			sourceTree = "<group>";
		};
		ED049F37297FE9460080A88D /* RudderOneTrustiOS */ = {
			isa = PBXGroup;
			children = (
				ED049F38297FE9460080A88D /* RudderOneTrustiOS.h */,
			);
			path = RudderOneTrustiOS;
			sourceTree = "<group>";
		};
		ED049F43297FE95B0080A88D /* RudderOneTrusttvOS */ = {
			isa = PBXGroup;
			children = (
				ED049F44297FE95B0080A88D /* RudderOneTrusttvOS.h */,
			);
			path = RudderOneTrusttvOS;
			sourceTree = "<group>";
		};
		ED049F69298013FE0080A88D /* Sources */ = {
			isa = PBXGroup;
			children = (
				ED049F6C298013FE0080A88D /* Common */,
				ED049F6A298013FE0080A88D /* iOS */,
				ED049F72298013FE0080A88D /* tvOS */,
			);
			path = Sources;
			sourceTree = "<group>";
		};
		ED049F6A298013FE0080A88D /* iOS */ = {
			isa = PBXGroup;
			children = (
				ED049F6B298013FE0080A88D /* iOSSDK.swift */,
			);
			path = iOS;
			sourceTree = "<group>";
		};
		ED049F6C298013FE0080A88D /* Common */ = {
			isa = PBXGroup;
			children = (
				ED04A1FE298062CB0080A88D /* Domains */,
				ED049F6E298013FE0080A88D /* OneTrustInterceptorModel.swift */,
				ED049F6F298013FE0080A88D /* OneTrustInterceptor.swift */,
			);
			path = Common;
			sourceTree = "<group>";
		};
		ED049F72298013FE0080A88D /* tvOS */ = {
			isa = PBXGroup;
			children = (
				ED049F73298013FE0080A88D /* tvOSSDK.swift */,
			);
			path = tvOS;
			sourceTree = "<group>";
		};
		ED04A1A2298014EA0080A88D /* Tests */ = {
			isa = PBXGroup;
			children = (
				ED04A2022981744D0080A88D /* Fixtures */,
				ED04A20329817B470080A88D /* OneTrustInterceptorModelTests.swift */,
				ED04A1A4298014EA0080A88D /* OneTrustInterceptorTests.swift */,
				ED04A20F298185A70080A88D /* TestCookieCategory.swift */,
				ED04A1FF298131D30080A88D /* TestSDK.swift */,
				ED049F71298013FE0080A88D /* TestUtils.swift */,
			);
			path = Tests;
			sourceTree = "<group>";
		};
		ED04A1D0298022720080A88D /* SampleSwiftiOS */ = {
			isa = PBXGroup;
			children = (
				ED04A1D1298022720080A88D /* AppDelegate.swift */,
				ED04A1D3298022720080A88D /* SceneDelegate.swift */,
				ED04A1D5298022720080A88D /* ViewController.swift */,
				ED04A1D7298022720080A88D /* Main.storyboard */,
				ED04A1DA298022740080A88D /* Assets.xcassets */,
				ED04A1DC298022740080A88D /* LaunchScreen.storyboard */,
				ED04A1DF298022740080A88D /* Info.plist */,
			);
			path = SampleSwiftiOS;
			sourceTree = "<group>";
		};
		ED04A1E8298022B50080A88D /* SampleSwifttvOS */ = {
			isa = PBXGroup;
			children = (
				ED04A1E9298022B50080A88D /* AppDelegate.swift */,
				ED04A1EB298022B50080A88D /* ViewController.swift */,
				ED04A1ED298022B50080A88D /* Main.storyboard */,
				ED04A1F0298022B60080A88D /* Assets.xcassets */,
				ED04A1F2298022B60080A88D /* LaunchScreen.storyboard */,
			);
			path = SampleSwifttvOS;
			sourceTree = "<group>";
		};
		ED04A1FE298062CB0080A88D /* Domains */ = {
			isa = PBXGroup;
			children = (
				ED04A208298180E60080A88D /* DestinationConfig.swift */,
				ED049F70298013FE0080A88D /* OneTrustCategory.swift */,
				ED04A20529817FE80080A88D /* OneTrustCookieCategory.swift */,
			);
			path = Domains;
			sourceTree = "<group>";
		};
		ED04A2022981744D0080A88D /* Fixtures */ = {
			isa = PBXGroup;
			children = (
				ED04A22E29826EC90080A88D /* test-all-destination-has-category.json */,
				ED04A21C2981AD8C0080A88D /* test-some-destination-has-category.json */,
				ED04A2182981AD8C0080A88D /* test-destination-has-no-category.json */,
			);
			path = Fixtures;
			sourceTree = "<group>";
		};
		ED04A2372982D8280080A88D /* RudderConfig */ = {
			isa = PBXGroup;
			children = (
				ED04A2342982D5960080A88D /* RudderConfig.swift */,
				ED04A23129827AB10080A88D /* RudderConfig.plist */,
			);
			path = RudderConfig;
			sourceTree = "<group>";
		};
/* End PBXGroup section */

/* Begin PBXHeadersBuildPhase section */
		ED049F31297FE9460080A88D /* Headers */ = {
			isa = PBXHeadersBuildPhase;
			buildActionMask = 2147483647;
			files = (
				ED049F39297FE9460080A88D /* RudderOneTrustiOS.h in Headers */,
			);
			runOnlyForDeploymentPostprocessing = 0;
		};
		ED049F3D297FE95B0080A88D /* Headers */ = {
			isa = PBXHeadersBuildPhase;
			buildActionMask = 2147483647;
			files = (
				ED049F45297FE95B0080A88D /* RudderOneTrusttvOS.h in Headers */,
			);
			runOnlyForDeploymentPostprocessing = 0;
		};
/* End PBXHeadersBuildPhase section */

/* Begin PBXNativeTarget section */
		ED049F35297FE9460080A88D /* RudderOneTrustiOS */ = {
			isa = PBXNativeTarget;
			buildConfigurationList = ED049F3A297FE9460080A88D /* Build configuration list for PBXNativeTarget "RudderOneTrustiOS" */;
			buildPhases = (
				0E6A7E498854E5EFB9A8645F /* [CP] Check Pods Manifest.lock */,
				ED049F31297FE9460080A88D /* Headers */,
				ED049F32297FE9460080A88D /* Sources */,
				ED049F33297FE9460080A88D /* Frameworks */,
				ED049F34297FE9460080A88D /* Resources */,
			);
			buildRules = (
			);
			dependencies = (
			);
			name = RudderOneTrustiOS;
			productName = RudderOneTrustiOS;
			productReference = ED049F36297FE9460080A88D /* RudderOneTrustiOS.framework */;
			productType = "com.apple.product-type.framework";
		};
		ED049F41297FE95B0080A88D /* RudderOneTrusttvOS */ = {
			isa = PBXNativeTarget;
			buildConfigurationList = ED049F46297FE95B0080A88D /* Build configuration list for PBXNativeTarget "RudderOneTrusttvOS" */;
			buildPhases = (
				6EE4D8005B569222C69559F9 /* [CP] Check Pods Manifest.lock */,
				ED049F3D297FE95B0080A88D /* Headers */,
				ED049F3E297FE95B0080A88D /* Sources */,
				ED049F3F297FE95B0080A88D /* Frameworks */,
				ED049F40297FE95B0080A88D /* Resources */,
			);
			buildRules = (
			);
			dependencies = (
			);
			name = RudderOneTrusttvOS;
			productName = RudderOneTrusttvOS;
			productReference = ED049F42297FE95B0080A88D /* RudderOneTrusttvOS.framework */;
			productType = "com.apple.product-type.framework";
		};
		ED04A1AC298015AC0080A88D /* RudderOneTrustiOSTests */ = {
			isa = PBXNativeTarget;
			buildConfigurationList = ED04A1B4298015AC0080A88D /* Build configuration list for PBXNativeTarget "RudderOneTrustiOSTests" */;
			buildPhases = (
				A8038087104633E39994861F /* [CP] Check Pods Manifest.lock */,
				ED04A1A9298015AC0080A88D /* Sources */,
				ED04A1AA298015AC0080A88D /* Frameworks */,
				ED04A1AB298015AC0080A88D /* Resources */,
				10F76580842E78C041083EA7 /* [CP] Embed Pods Frameworks */,
			);
			buildRules = (
			);
			dependencies = (
				ED04A1B3298015AC0080A88D /* PBXTargetDependency */,
			);
			name = RudderOneTrustiOSTests;
			productName = RudderOneTrustiOSTests;
			productReference = ED04A1AD298015AC0080A88D /* RudderOneTrustiOSTests.xctest */;
			productType = "com.apple.product-type.bundle.unit-test";
		};
		ED04A1BC298015CC0080A88D /* RudderOneTrusttvOSTests */ = {
			isa = PBXNativeTarget;
			buildConfigurationList = ED04A1C4298015CC0080A88D /* Build configuration list for PBXNativeTarget "RudderOneTrusttvOSTests" */;
			buildPhases = (
				02E584745835144AA3668B1C /* [CP] Check Pods Manifest.lock */,
				ED04A1B9298015CC0080A88D /* Sources */,
				ED04A1BA298015CC0080A88D /* Frameworks */,
				ED04A1BB298015CC0080A88D /* Resources */,
				CF98385DC6120A9918DE5350 /* [CP] Embed Pods Frameworks */,
			);
			buildRules = (
			);
			dependencies = (
				ED04A1C3298015CC0080A88D /* PBXTargetDependency */,
			);
			name = RudderOneTrusttvOSTests;
			productName = RudderOneTrusttvOSTests;
			productReference = ED04A1BD298015CC0080A88D /* RudderOneTrusttvOSTests.xctest */;
			productType = "com.apple.product-type.bundle.unit-test";
		};
		ED04A1CE298022720080A88D /* SampleSwiftiOS */ = {
			isa = PBXNativeTarget;
			buildConfigurationList = ED04A1E0298022740080A88D /* Build configuration list for PBXNativeTarget "SampleSwiftiOS" */;
			buildPhases = (
				41A7C19F06D4CA6847A14ED5 /* [CP] Check Pods Manifest.lock */,
				ED04A1CB298022720080A88D /* Sources */,
				ED04A1CC298022720080A88D /* Frameworks */,
				ED04A1CD298022720080A88D /* Resources */,
				0E1439A323E76E9C038528D9 /* [CP] Embed Pods Frameworks */,
			);
			buildRules = (
			);
			dependencies = (
			);
			name = SampleSwiftiOS;
			productName = SampleSwiftiOS;
			productReference = ED04A1CF298022720080A88D /* SampleSwiftiOS.app */;
			productType = "com.apple.product-type.application";
		};
		ED04A1E6298022B50080A88D /* SampleSwifttvOS */ = {
			isa = PBXNativeTarget;
			buildConfigurationList = ED04A1F5298022B60080A88D /* Build configuration list for PBXNativeTarget "SampleSwifttvOS" */;
			buildPhases = (
				CF1752ED238712CEA6085301 /* [CP] Check Pods Manifest.lock */,
				ED04A1E3298022B50080A88D /* Sources */,
				ED04A1E4298022B50080A88D /* Frameworks */,
				ED04A1E5298022B50080A88D /* Resources */,
				0BEF250173CD00105C335B74 /* [CP] Embed Pods Frameworks */,
			);
			buildRules = (
			);
			dependencies = (
			);
			name = SampleSwifttvOS;
			productName = SampleSwifttvOS;
			productReference = ED04A1E7298022B50080A88D /* SampleSwifttvOS.app */;
			productType = "com.apple.product-type.application";
		};
/* End PBXNativeTarget section */

/* Begin PBXProject section */
		ED049F1E297FE8BE0080A88D /* Project object */ = {
			isa = PBXProject;
			attributes = {
				BuildIndependentTargetsInParallel = 1;
				LastSwiftUpdateCheck = 1420;
				LastUpgradeCheck = 1420;
				TargetAttributes = {
					ED049F35297FE9460080A88D = {
						CreatedOnToolsVersion = 14.2;
					};
					ED049F41297FE95B0080A88D = {
						CreatedOnToolsVersion = 14.2;
					};
					ED04A1AC298015AC0080A88D = {
						CreatedOnToolsVersion = 14.2;
					};
					ED04A1BC298015CC0080A88D = {
						CreatedOnToolsVersion = 14.2;
					};
					ED04A1CE298022720080A88D = {
						CreatedOnToolsVersion = 14.2;
					};
					ED04A1E6298022B50080A88D = {
						CreatedOnToolsVersion = 14.2;
					};
				};
			};
			buildConfigurationList = ED049F21297FE8BE0080A88D /* Build configuration list for PBXProject "RudderOneTrust" */;
			compatibilityVersion = "Xcode 14.0";
			developmentRegion = en;
			hasScannedForEncodings = 0;
			knownRegions = (
				en,
				Base,
			);
			mainGroup = ED049F1D297FE8BE0080A88D;
			productRefGroup = ED049F28297FE8BE0080A88D /* Products */;
			projectDirPath = "";
			projectRoot = "";
			targets = (
				ED049F35297FE9460080A88D /* RudderOneTrustiOS */,
				ED049F41297FE95B0080A88D /* RudderOneTrusttvOS */,
				ED04A1AC298015AC0080A88D /* RudderOneTrustiOSTests */,
				ED04A1BC298015CC0080A88D /* RudderOneTrusttvOSTests */,
				ED04A1CE298022720080A88D /* SampleSwiftiOS */,
				ED04A1E6298022B50080A88D /* SampleSwifttvOS */,
			);
		};
/* End PBXProject section */

/* Begin PBXResourcesBuildPhase section */
		ED049F34297FE9460080A88D /* Resources */ = {
			isa = PBXResourcesBuildPhase;
			buildActionMask = 2147483647;
			files = (
			);
			runOnlyForDeploymentPostprocessing = 0;
		};
		ED049F40297FE95B0080A88D /* Resources */ = {
			isa = PBXResourcesBuildPhase;
			buildActionMask = 2147483647;
			files = (
			);
			runOnlyForDeploymentPostprocessing = 0;
		};
		ED04A1AB298015AC0080A88D /* Resources */ = {
			isa = PBXResourcesBuildPhase;
			buildActionMask = 2147483647;
			files = (
				ED04A2282981AD8C0080A88D /* test-some-destination-has-category.json in Resources */,
				ED04A22F29826EC90080A88D /* test-all-destination-has-category.json in Resources */,
				ED04A2202981AD8C0080A88D /* test-destination-has-no-category.json in Resources */,
			);
			runOnlyForDeploymentPostprocessing = 0;
		};
		ED04A1BB298015CC0080A88D /* Resources */ = {
			isa = PBXResourcesBuildPhase;
			buildActionMask = 2147483647;
			files = (
				ED04A2292981AD8C0080A88D /* test-some-destination-has-category.json in Resources */,
				ED04A23029826EC90080A88D /* test-all-destination-has-category.json in Resources */,
				ED04A2212981AD8C0080A88D /* test-destination-has-no-category.json in Resources */,
			);
			runOnlyForDeploymentPostprocessing = 0;
		};
		ED04A1CD298022720080A88D /* Resources */ = {
			isa = PBXResourcesBuildPhase;
			buildActionMask = 2147483647;
			files = (
				ED04A23229827AB10080A88D /* RudderConfig.plist in Resources */,
				ED04A1DE298022740080A88D /* LaunchScreen.storyboard in Resources */,
				ED04A1DB298022740080A88D /* Assets.xcassets in Resources */,
				ED04A1D9298022720080A88D /* Main.storyboard in Resources */,
			);
			runOnlyForDeploymentPostprocessing = 0;
		};
		ED04A1E5298022B50080A88D /* Resources */ = {
			isa = PBXResourcesBuildPhase;
			buildActionMask = 2147483647;
			files = (
				ED04A23329827B0F0080A88D /* RudderConfig.plist in Resources */,
				ED04A1F4298022B60080A88D /* LaunchScreen.storyboard in Resources */,
				ED04A1F1298022B60080A88D /* Assets.xcassets in Resources */,
				ED04A1EF298022B50080A88D /* Main.storyboard in Resources */,
			);
			runOnlyForDeploymentPostprocessing = 0;
		};
/* End PBXResourcesBuildPhase section */

/* Begin PBXShellScriptBuildPhase section */
		02E584745835144AA3668B1C /* [CP] Check Pods Manifest.lock */ = {
			isa = PBXShellScriptBuildPhase;
			buildActionMask = 2147483647;
			files = (
			);
			inputFileListPaths = (
			);
			inputPaths = (
				"${PODS_PODFILE_DIR_PATH}/Podfile.lock",
				"${PODS_ROOT}/Manifest.lock",
			);
			name = "[CP] Check Pods Manifest.lock";
			outputFileListPaths = (
			);
			outputPaths = (
				"$(DERIVED_FILE_DIR)/Pods-RudderOneTrusttvOS-RudderOneTrusttvOSTests-checkManifestLockResult.txt",
			);
			runOnlyForDeploymentPostprocessing = 0;
			shellPath = /bin/sh;
			shellScript = "diff \"${PODS_PODFILE_DIR_PATH}/Podfile.lock\" \"${PODS_ROOT}/Manifest.lock\" > /dev/null\nif [ $? != 0 ] ; then\n    # print error to STDERR\n    echo \"error: The sandbox is not in sync with the Podfile.lock. Run 'pod install' or update your CocoaPods installation.\" >&2\n    exit 1\nfi\n# This output is used by Xcode 'outputs' to avoid re-running this script phase.\necho \"SUCCESS\" > \"${SCRIPT_OUTPUT_FILE_0}\"\n";
			showEnvVarsInLog = 0;
		};
		0BEF250173CD00105C335B74 /* [CP] Embed Pods Frameworks */ = {
			isa = PBXShellScriptBuildPhase;
			buildActionMask = 2147483647;
			files = (
			);
			inputFileListPaths = (
				"${PODS_ROOT}/Target Support Files/Pods-SampleSwifttvOS/Pods-SampleSwifttvOS-frameworks-${CONFIGURATION}-input-files.xcfilelist",
			);
			name = "[CP] Embed Pods Frameworks";
			outputFileListPaths = (
				"${PODS_ROOT}/Target Support Files/Pods-SampleSwifttvOS/Pods-SampleSwifttvOS-frameworks-${CONFIGURATION}-output-files.xcfilelist",
			);
			runOnlyForDeploymentPostprocessing = 0;
			shellPath = /bin/sh;
			shellScript = "\"${PODS_ROOT}/Target Support Files/Pods-SampleSwifttvOS/Pods-SampleSwifttvOS-frameworks.sh\"\n";
			showEnvVarsInLog = 0;
		};
		0E1439A323E76E9C038528D9 /* [CP] Embed Pods Frameworks */ = {
			isa = PBXShellScriptBuildPhase;
			buildActionMask = 2147483647;
			files = (
			);
			inputFileListPaths = (
				"${PODS_ROOT}/Target Support Files/Pods-SampleSwiftiOS/Pods-SampleSwiftiOS-frameworks-${CONFIGURATION}-input-files.xcfilelist",
			);
			name = "[CP] Embed Pods Frameworks";
			outputFileListPaths = (
				"${PODS_ROOT}/Target Support Files/Pods-SampleSwiftiOS/Pods-SampleSwiftiOS-frameworks-${CONFIGURATION}-output-files.xcfilelist",
			);
			runOnlyForDeploymentPostprocessing = 0;
			shellPath = /bin/sh;
			shellScript = "\"${PODS_ROOT}/Target Support Files/Pods-SampleSwiftiOS/Pods-SampleSwiftiOS-frameworks.sh\"\n";
			showEnvVarsInLog = 0;
		};
		0E6A7E498854E5EFB9A8645F /* [CP] Check Pods Manifest.lock */ = {
			isa = PBXShellScriptBuildPhase;
			buildActionMask = 2147483647;
			files = (
			);
			inputFileListPaths = (
			);
			inputPaths = (
				"${PODS_PODFILE_DIR_PATH}/Podfile.lock",
				"${PODS_ROOT}/Manifest.lock",
			);
			name = "[CP] Check Pods Manifest.lock";
			outputFileListPaths = (
			);
			outputPaths = (
				"$(DERIVED_FILE_DIR)/Pods-RudderOneTrustiOS-checkManifestLockResult.txt",
			);
			runOnlyForDeploymentPostprocessing = 0;
			shellPath = /bin/sh;
			shellScript = "diff \"${PODS_PODFILE_DIR_PATH}/Podfile.lock\" \"${PODS_ROOT}/Manifest.lock\" > /dev/null\nif [ $? != 0 ] ; then\n    # print error to STDERR\n    echo \"error: The sandbox is not in sync with the Podfile.lock. Run 'pod install' or update your CocoaPods installation.\" >&2\n    exit 1\nfi\n# This output is used by Xcode 'outputs' to avoid re-running this script phase.\necho \"SUCCESS\" > \"${SCRIPT_OUTPUT_FILE_0}\"\n";
			showEnvVarsInLog = 0;
		};
		10F76580842E78C041083EA7 /* [CP] Embed Pods Frameworks */ = {
			isa = PBXShellScriptBuildPhase;
			buildActionMask = 2147483647;
			files = (
			);
			inputFileListPaths = (
				"${PODS_ROOT}/Target Support Files/Pods-RudderOneTrustiOS-RudderOneTrustiOSTests/Pods-RudderOneTrustiOS-RudderOneTrustiOSTests-frameworks-${CONFIGURATION}-input-files.xcfilelist",
			);
			name = "[CP] Embed Pods Frameworks";
			outputFileListPaths = (
				"${PODS_ROOT}/Target Support Files/Pods-RudderOneTrustiOS-RudderOneTrustiOSTests/Pods-RudderOneTrustiOS-RudderOneTrustiOSTests-frameworks-${CONFIGURATION}-output-files.xcfilelist",
			);
			runOnlyForDeploymentPostprocessing = 0;
			shellPath = /bin/sh;
			shellScript = "\"${PODS_ROOT}/Target Support Files/Pods-RudderOneTrustiOS-RudderOneTrustiOSTests/Pods-RudderOneTrustiOS-RudderOneTrustiOSTests-frameworks.sh\"\n";
			showEnvVarsInLog = 0;
		};
		41A7C19F06D4CA6847A14ED5 /* [CP] Check Pods Manifest.lock */ = {
			isa = PBXShellScriptBuildPhase;
			buildActionMask = 2147483647;
			files = (
			);
			inputFileListPaths = (
			);
			inputPaths = (
				"${PODS_PODFILE_DIR_PATH}/Podfile.lock",
				"${PODS_ROOT}/Manifest.lock",
			);
			name = "[CP] Check Pods Manifest.lock";
			outputFileListPaths = (
			);
			outputPaths = (
				"$(DERIVED_FILE_DIR)/Pods-SampleSwiftiOS-checkManifestLockResult.txt",
			);
			runOnlyForDeploymentPostprocessing = 0;
			shellPath = /bin/sh;
			shellScript = "diff \"${PODS_PODFILE_DIR_PATH}/Podfile.lock\" \"${PODS_ROOT}/Manifest.lock\" > /dev/null\nif [ $? != 0 ] ; then\n    # print error to STDERR\n    echo \"error: The sandbox is not in sync with the Podfile.lock. Run 'pod install' or update your CocoaPods installation.\" >&2\n    exit 1\nfi\n# This output is used by Xcode 'outputs' to avoid re-running this script phase.\necho \"SUCCESS\" > \"${SCRIPT_OUTPUT_FILE_0}\"\n";
			showEnvVarsInLog = 0;
		};
		6EE4D8005B569222C69559F9 /* [CP] Check Pods Manifest.lock */ = {
			isa = PBXShellScriptBuildPhase;
			buildActionMask = 2147483647;
			files = (
			);
			inputFileListPaths = (
			);
			inputPaths = (
				"${PODS_PODFILE_DIR_PATH}/Podfile.lock",
				"${PODS_ROOT}/Manifest.lock",
			);
			name = "[CP] Check Pods Manifest.lock";
			outputFileListPaths = (
			);
			outputPaths = (
				"$(DERIVED_FILE_DIR)/Pods-RudderOneTrusttvOS-checkManifestLockResult.txt",
			);
			runOnlyForDeploymentPostprocessing = 0;
			shellPath = /bin/sh;
			shellScript = "diff \"${PODS_PODFILE_DIR_PATH}/Podfile.lock\" \"${PODS_ROOT}/Manifest.lock\" > /dev/null\nif [ $? != 0 ] ; then\n    # print error to STDERR\n    echo \"error: The sandbox is not in sync with the Podfile.lock. Run 'pod install' or update your CocoaPods installation.\" >&2\n    exit 1\nfi\n# This output is used by Xcode 'outputs' to avoid re-running this script phase.\necho \"SUCCESS\" > \"${SCRIPT_OUTPUT_FILE_0}\"\n";
			showEnvVarsInLog = 0;
		};
		A8038087104633E39994861F /* [CP] Check Pods Manifest.lock */ = {
			isa = PBXShellScriptBuildPhase;
			buildActionMask = 2147483647;
			files = (
			);
			inputFileListPaths = (
			);
			inputPaths = (
				"${PODS_PODFILE_DIR_PATH}/Podfile.lock",
				"${PODS_ROOT}/Manifest.lock",
			);
			name = "[CP] Check Pods Manifest.lock";
			outputFileListPaths = (
			);
			outputPaths = (
				"$(DERIVED_FILE_DIR)/Pods-RudderOneTrustiOS-RudderOneTrustiOSTests-checkManifestLockResult.txt",
			);
			runOnlyForDeploymentPostprocessing = 0;
			shellPath = /bin/sh;
			shellScript = "diff \"${PODS_PODFILE_DIR_PATH}/Podfile.lock\" \"${PODS_ROOT}/Manifest.lock\" > /dev/null\nif [ $? != 0 ] ; then\n    # print error to STDERR\n    echo \"error: The sandbox is not in sync with the Podfile.lock. Run 'pod install' or update your CocoaPods installation.\" >&2\n    exit 1\nfi\n# This output is used by Xcode 'outputs' to avoid re-running this script phase.\necho \"SUCCESS\" > \"${SCRIPT_OUTPUT_FILE_0}\"\n";
			showEnvVarsInLog = 0;
		};
		CF1752ED238712CEA6085301 /* [CP] Check Pods Manifest.lock */ = {
			isa = PBXShellScriptBuildPhase;
			buildActionMask = 2147483647;
			files = (
			);
			inputFileListPaths = (
			);
			inputPaths = (
				"${PODS_PODFILE_DIR_PATH}/Podfile.lock",
				"${PODS_ROOT}/Manifest.lock",
			);
			name = "[CP] Check Pods Manifest.lock";
			outputFileListPaths = (
			);
			outputPaths = (
				"$(DERIVED_FILE_DIR)/Pods-SampleSwifttvOS-checkManifestLockResult.txt",
			);
			runOnlyForDeploymentPostprocessing = 0;
			shellPath = /bin/sh;
			shellScript = "diff \"${PODS_PODFILE_DIR_PATH}/Podfile.lock\" \"${PODS_ROOT}/Manifest.lock\" > /dev/null\nif [ $? != 0 ] ; then\n    # print error to STDERR\n    echo \"error: The sandbox is not in sync with the Podfile.lock. Run 'pod install' or update your CocoaPods installation.\" >&2\n    exit 1\nfi\n# This output is used by Xcode 'outputs' to avoid re-running this script phase.\necho \"SUCCESS\" > \"${SCRIPT_OUTPUT_FILE_0}\"\n";
			showEnvVarsInLog = 0;
		};
		CF98385DC6120A9918DE5350 /* [CP] Embed Pods Frameworks */ = {
			isa = PBXShellScriptBuildPhase;
			buildActionMask = 2147483647;
			files = (
			);
			inputFileListPaths = (
				"${PODS_ROOT}/Target Support Files/Pods-RudderOneTrusttvOS-RudderOneTrusttvOSTests/Pods-RudderOneTrusttvOS-RudderOneTrusttvOSTests-frameworks-${CONFIGURATION}-input-files.xcfilelist",
			);
			name = "[CP] Embed Pods Frameworks";
			outputFileListPaths = (
				"${PODS_ROOT}/Target Support Files/Pods-RudderOneTrusttvOS-RudderOneTrusttvOSTests/Pods-RudderOneTrusttvOS-RudderOneTrusttvOSTests-frameworks-${CONFIGURATION}-output-files.xcfilelist",
			);
			runOnlyForDeploymentPostprocessing = 0;
			shellPath = /bin/sh;
			shellScript = "\"${PODS_ROOT}/Target Support Files/Pods-RudderOneTrusttvOS-RudderOneTrusttvOSTests/Pods-RudderOneTrusttvOS-RudderOneTrusttvOSTests-frameworks.sh\"\n";
			showEnvVarsInLog = 0;
		};
/* End PBXShellScriptBuildPhase section */

/* Begin PBXSourcesBuildPhase section */
		ED049F32297FE9460080A88D /* Sources */ = {
			isa = PBXSourcesBuildPhase;
			buildActionMask = 2147483647;
			files = (
				ED049F76298013FE0080A88D /* OneTrustInterceptorModel.swift in Sources */,
				ED04A20B298180EC0080A88D /* DestinationConfig.swift in Sources */,
				ED049F74298013FE0080A88D /* iOSSDK.swift in Sources */,
				ED04A20D298182B70080A88D /* OneTrustCookieCategory.swift in Sources */,
				ED049F77298013FE0080A88D /* OneTrustInterceptor.swift in Sources */,
				ED049F78298013FE0080A88D /* OneTrustCategory.swift in Sources */,
			);
			runOnlyForDeploymentPostprocessing = 0;
		};
		ED049F3E297FE95B0080A88D /* Sources */ = {
			isa = PBXSourcesBuildPhase;
			buildActionMask = 2147483647;
			files = (
				ED049F7B298014120080A88D /* tvOSSDK.swift in Sources */,
				ED04A20C298180ED0080A88D /* DestinationConfig.swift in Sources */,
				ED049F7C298014260080A88D /* OneTrustInterceptor.swift in Sources */,
				ED04A20E298182B80080A88D /* OneTrustCookieCategory.swift in Sources */,
				ED049F7F298014260080A88D /* OneTrustInterceptorModel.swift in Sources */,
				ED049F80298014260080A88D /* OneTrustCategory.swift in Sources */,
			);
			runOnlyForDeploymentPostprocessing = 0;
		};
		ED04A1A9298015AC0080A88D /* Sources */ = {
			isa = PBXSourcesBuildPhase;
			buildActionMask = 2147483647;
			files = (
				ED04A1B7298015C00080A88D /* OneTrustInterceptorTests.swift in Sources */,
				ED04A20429817B470080A88D /* OneTrustInterceptorModelTests.swift in Sources */,
				ED04A210298185A70080A88D /* TestCookieCategory.swift in Sources */,
				ED04A200298131D30080A88D /* TestSDK.swift in Sources */,
				ED04A1FC29802B5A0080A88D /* TestUtils.swift in Sources */,
			);
			runOnlyForDeploymentPostprocessing = 0;
		};
		ED04A1B9298015CC0080A88D /* Sources */ = {
			isa = PBXSourcesBuildPhase;
			buildActionMask = 2147483647;
			files = (
				ED04A201298131D30080A88D /* TestSDK.swift in Sources */,
				ED04A211298185A70080A88D /* TestCookieCategory.swift in Sources */,
				ED04A22D2981B3C60080A88D /* OneTrustInterceptorModelTests.swift in Sources */,
				ED04A1FD29802B5A0080A88D /* TestUtils.swift in Sources */,
				ED04A22C2981B3C60080A88D /* OneTrustInterceptorTests.swift in Sources */,
			);
			runOnlyForDeploymentPostprocessing = 0;
		};
		ED04A1CB298022720080A88D /* Sources */ = {
			isa = PBXSourcesBuildPhase;
			buildActionMask = 2147483647;
			files = (
				ED04A1D6298022720080A88D /* ViewController.swift in Sources */,
				ED04A2352982D5960080A88D /* RudderConfig.swift in Sources */,
				ED04A1D2298022720080A88D /* AppDelegate.swift in Sources */,
				ED04A1D4298022720080A88D /* SceneDelegate.swift in Sources */,
			);
			runOnlyForDeploymentPostprocessing = 0;
		};
		ED04A1E3298022B50080A88D /* Sources */ = {
			isa = PBXSourcesBuildPhase;
			buildActionMask = 2147483647;
			files = (
				ED04A2362982D5960080A88D /* RudderConfig.swift in Sources */,
				ED04A1EC298022B50080A88D /* ViewController.swift in Sources */,
				ED04A1EA298022B50080A88D /* AppDelegate.swift in Sources */,
			);
			runOnlyForDeploymentPostprocessing = 0;
		};
/* End PBXSourcesBuildPhase section */

/* Begin PBXTargetDependency section */
		ED04A1B3298015AC0080A88D /* PBXTargetDependency */ = {
			isa = PBXTargetDependency;
			target = ED049F35297FE9460080A88D /* RudderOneTrustiOS */;
			targetProxy = ED04A1B2298015AC0080A88D /* PBXContainerItemProxy */;
		};
		ED04A1C3298015CC0080A88D /* PBXTargetDependency */ = {
			isa = PBXTargetDependency;
			target = ED049F41297FE95B0080A88D /* RudderOneTrusttvOS */;
			targetProxy = ED04A1C2298015CC0080A88D /* PBXContainerItemProxy */;
		};
/* End PBXTargetDependency section */

/* Begin PBXVariantGroup section */
		ED04A1D7298022720080A88D /* Main.storyboard */ = {
			isa = PBXVariantGroup;
			children = (
				ED04A1D8298022720080A88D /* Base */,
			);
			name = Main.storyboard;
			sourceTree = "<group>";
		};
		ED04A1DC298022740080A88D /* LaunchScreen.storyboard */ = {
			isa = PBXVariantGroup;
			children = (
				ED04A1DD298022740080A88D /* Base */,
			);
			name = LaunchScreen.storyboard;
			sourceTree = "<group>";
		};
		ED04A1ED298022B50080A88D /* Main.storyboard */ = {
			isa = PBXVariantGroup;
			children = (
				ED04A1EE298022B50080A88D /* Base */,
			);
			name = Main.storyboard;
			sourceTree = "<group>";
		};
		ED04A1F2298022B60080A88D /* LaunchScreen.storyboard */ = {
			isa = PBXVariantGroup;
			children = (
				ED04A1F3298022B60080A88D /* Base */,
			);
			name = LaunchScreen.storyboard;
			sourceTree = "<group>";
		};
/* End PBXVariantGroup section */

/* Begin XCBuildConfiguration section */
		ED049F2C297FE8BE0080A88D /* Debug */ = {
			isa = XCBuildConfiguration;
			buildSettings = {
				ALWAYS_SEARCH_USER_PATHS = NO;
				CLANG_ANALYZER_NONNULL = YES;
				CLANG_ANALYZER_NUMBER_OBJECT_CONVERSION = YES_AGGRESSIVE;
				CLANG_CXX_LANGUAGE_STANDARD = "gnu++20";
				CLANG_ENABLE_MODULES = YES;
				CLANG_ENABLE_OBJC_ARC = YES;
				CLANG_ENABLE_OBJC_WEAK = YES;
				CLANG_WARN_BLOCK_CAPTURE_AUTORELEASING = YES;
				CLANG_WARN_BOOL_CONVERSION = YES;
				CLANG_WARN_COMMA = YES;
				CLANG_WARN_CONSTANT_CONVERSION = YES;
				CLANG_WARN_DEPRECATED_OBJC_IMPLEMENTATIONS = YES;
				CLANG_WARN_DIRECT_OBJC_ISA_USAGE = YES_ERROR;
				CLANG_WARN_DOCUMENTATION_COMMENTS = YES;
				CLANG_WARN_EMPTY_BODY = YES;
				CLANG_WARN_ENUM_CONVERSION = YES;
				CLANG_WARN_INFINITE_RECURSION = YES;
				CLANG_WARN_INT_CONVERSION = YES;
				CLANG_WARN_NON_LITERAL_NULL_CONVERSION = YES;
				CLANG_WARN_OBJC_IMPLICIT_RETAIN_SELF = YES;
				CLANG_WARN_OBJC_LITERAL_CONVERSION = YES;
				CLANG_WARN_OBJC_ROOT_CLASS = YES_ERROR;
				CLANG_WARN_QUOTED_INCLUDE_IN_FRAMEWORK_HEADER = YES;
				CLANG_WARN_RANGE_LOOP_ANALYSIS = YES;
				CLANG_WARN_STRICT_PROTOTYPES = YES;
				CLANG_WARN_SUSPICIOUS_MOVE = YES;
				CLANG_WARN_UNGUARDED_AVAILABILITY = YES_AGGRESSIVE;
				CLANG_WARN_UNREACHABLE_CODE = YES;
				CLANG_WARN__DUPLICATE_METHOD_MATCH = YES;
				COPY_PHASE_STRIP = NO;
				CURRENT_PROJECT_VERSION = 1;
				DEBUG_INFORMATION_FORMAT = dwarf;
				ENABLE_STRICT_OBJC_MSGSEND = YES;
				ENABLE_TESTABILITY = YES;
				GCC_C_LANGUAGE_STANDARD = gnu11;
				GCC_DYNAMIC_NO_PIC = NO;
				GCC_NO_COMMON_BLOCKS = YES;
				GCC_OPTIMIZATION_LEVEL = 0;
				GCC_PREPROCESSOR_DEFINITIONS = (
					"DEBUG=1",
					"$(inherited)",
				);
				GCC_WARN_64_TO_32_BIT_CONVERSION = YES;
				GCC_WARN_ABOUT_RETURN_TYPE = YES_ERROR;
				GCC_WARN_UNDECLARED_SELECTOR = YES;
				GCC_WARN_UNINITIALIZED_AUTOS = YES_AGGRESSIVE;
				GCC_WARN_UNUSED_FUNCTION = YES;
				GCC_WARN_UNUSED_VARIABLE = YES;
				IPHONEOS_DEPLOYMENT_TARGET = 16.2;
				MTL_ENABLE_DEBUG_INFO = INCLUDE_SOURCE;
				MTL_FAST_MATH = YES;
				ONLY_ACTIVE_ARCH = YES;
				SDKROOT = iphoneos;
				SWIFT_ACTIVE_COMPILATION_CONDITIONS = DEBUG;
				SWIFT_OPTIMIZATION_LEVEL = "-Onone";
				VERSIONING_SYSTEM = "apple-generic";
				VERSION_INFO_PREFIX = "";
			};
			name = Debug;
		};
		ED049F2D297FE8BE0080A88D /* Release */ = {
			isa = XCBuildConfiguration;
			buildSettings = {
				ALWAYS_SEARCH_USER_PATHS = NO;
				CLANG_ANALYZER_NONNULL = YES;
				CLANG_ANALYZER_NUMBER_OBJECT_CONVERSION = YES_AGGRESSIVE;
				CLANG_CXX_LANGUAGE_STANDARD = "gnu++20";
				CLANG_ENABLE_MODULES = YES;
				CLANG_ENABLE_OBJC_ARC = YES;
				CLANG_ENABLE_OBJC_WEAK = YES;
				CLANG_WARN_BLOCK_CAPTURE_AUTORELEASING = YES;
				CLANG_WARN_BOOL_CONVERSION = YES;
				CLANG_WARN_COMMA = YES;
				CLANG_WARN_CONSTANT_CONVERSION = YES;
				CLANG_WARN_DEPRECATED_OBJC_IMPLEMENTATIONS = YES;
				CLANG_WARN_DIRECT_OBJC_ISA_USAGE = YES_ERROR;
				CLANG_WARN_DOCUMENTATION_COMMENTS = YES;
				CLANG_WARN_EMPTY_BODY = YES;
				CLANG_WARN_ENUM_CONVERSION = YES;
				CLANG_WARN_INFINITE_RECURSION = YES;
				CLANG_WARN_INT_CONVERSION = YES;
				CLANG_WARN_NON_LITERAL_NULL_CONVERSION = YES;
				CLANG_WARN_OBJC_IMPLICIT_RETAIN_SELF = YES;
				CLANG_WARN_OBJC_LITERAL_CONVERSION = YES;
				CLANG_WARN_OBJC_ROOT_CLASS = YES_ERROR;
				CLANG_WARN_QUOTED_INCLUDE_IN_FRAMEWORK_HEADER = YES;
				CLANG_WARN_RANGE_LOOP_ANALYSIS = YES;
				CLANG_WARN_STRICT_PROTOTYPES = YES;
				CLANG_WARN_SUSPICIOUS_MOVE = YES;
				CLANG_WARN_UNGUARDED_AVAILABILITY = YES_AGGRESSIVE;
				CLANG_WARN_UNREACHABLE_CODE = YES;
				CLANG_WARN__DUPLICATE_METHOD_MATCH = YES;
				COPY_PHASE_STRIP = NO;
				CURRENT_PROJECT_VERSION = 1;
				DEBUG_INFORMATION_FORMAT = "dwarf-with-dsym";
				ENABLE_NS_ASSERTIONS = NO;
				ENABLE_STRICT_OBJC_MSGSEND = YES;
				GCC_C_LANGUAGE_STANDARD = gnu11;
				GCC_NO_COMMON_BLOCKS = YES;
				GCC_WARN_64_TO_32_BIT_CONVERSION = YES;
				GCC_WARN_ABOUT_RETURN_TYPE = YES_ERROR;
				GCC_WARN_UNDECLARED_SELECTOR = YES;
				GCC_WARN_UNINITIALIZED_AUTOS = YES_AGGRESSIVE;
				GCC_WARN_UNUSED_FUNCTION = YES;
				GCC_WARN_UNUSED_VARIABLE = YES;
				IPHONEOS_DEPLOYMENT_TARGET = 16.2;
				MTL_ENABLE_DEBUG_INFO = NO;
				MTL_FAST_MATH = YES;
				SDKROOT = iphoneos;
				SWIFT_COMPILATION_MODE = wholemodule;
				SWIFT_OPTIMIZATION_LEVEL = "-O";
				VALIDATE_PRODUCT = YES;
				VERSIONING_SYSTEM = "apple-generic";
				VERSION_INFO_PREFIX = "";
			};
			name = Release;
		};
		ED049F3B297FE9460080A88D /* Debug */ = {
			isa = XCBuildConfiguration;
			baseConfigurationReference = 1FC5B0AF00E015D9D8E98F65 /* Pods-RudderOneTrustiOS.debug.xcconfig */;
			buildSettings = {
				CODE_SIGN_STYLE = Automatic;
				CURRENT_PROJECT_VERSION = 1;
				DEFINES_MODULE = YES;
				DYLIB_COMPATIBILITY_VERSION = 1;
				DYLIB_CURRENT_VERSION = 1;
				DYLIB_INSTALL_NAME_BASE = "@rpath";
				GENERATE_INFOPLIST_FILE = YES;
				INFOPLIST_KEY_NSHumanReadableCopyright = "";
				INSTALL_PATH = "$(LOCAL_LIBRARY_DIR)/Frameworks";
				LD_RUNPATH_SEARCH_PATHS = (
					"$(inherited)",
					"@executable_path/Frameworks",
					"@loader_path/Frameworks",
				);
				MARKETING_VERSION = 1.0;
				PRODUCT_BUNDLE_IDENTIFIER = com.rudderstack.RudderOneTrustiOS;
				PRODUCT_NAME = "$(TARGET_NAME:c99extidentifier)";
				SKIP_INSTALL = YES;
				SWIFT_EMIT_LOC_STRINGS = YES;
				SWIFT_VERSION = 5.0;
				TARGETED_DEVICE_FAMILY = "1,2";
			};
			name = Debug;
		};
		ED049F3C297FE9460080A88D /* Release */ = {
			isa = XCBuildConfiguration;
			baseConfigurationReference = 75374234C2361FB1087E1745 /* Pods-RudderOneTrustiOS.release.xcconfig */;
			buildSettings = {
				CODE_SIGN_STYLE = Automatic;
				CURRENT_PROJECT_VERSION = 1;
				DEFINES_MODULE = YES;
				DYLIB_COMPATIBILITY_VERSION = 1;
				DYLIB_CURRENT_VERSION = 1;
				DYLIB_INSTALL_NAME_BASE = "@rpath";
				GENERATE_INFOPLIST_FILE = YES;
				INFOPLIST_KEY_NSHumanReadableCopyright = "";
				INSTALL_PATH = "$(LOCAL_LIBRARY_DIR)/Frameworks";
				LD_RUNPATH_SEARCH_PATHS = (
					"$(inherited)",
					"@executable_path/Frameworks",
					"@loader_path/Frameworks",
				);
				MARKETING_VERSION = 1.0;
				PRODUCT_BUNDLE_IDENTIFIER = com.rudderstack.RudderOneTrustiOS;
				PRODUCT_NAME = "$(TARGET_NAME:c99extidentifier)";
				SKIP_INSTALL = YES;
				SWIFT_EMIT_LOC_STRINGS = YES;
				SWIFT_VERSION = 5.0;
				TARGETED_DEVICE_FAMILY = "1,2";
			};
			name = Release;
		};
		ED049F47297FE95B0080A88D /* Debug */ = {
			isa = XCBuildConfiguration;
			baseConfigurationReference = 11958DF294CFE1398CAA3920 /* Pods-RudderOneTrusttvOS.debug.xcconfig */;
			buildSettings = {
				CODE_SIGN_STYLE = Automatic;
				CURRENT_PROJECT_VERSION = 1;
				DEFINES_MODULE = YES;
				DYLIB_COMPATIBILITY_VERSION = 1;
				DYLIB_CURRENT_VERSION = 1;
				DYLIB_INSTALL_NAME_BASE = "@rpath";
				GENERATE_INFOPLIST_FILE = YES;
				INFOPLIST_KEY_NSHumanReadableCopyright = "";
				INSTALL_PATH = "$(LOCAL_LIBRARY_DIR)/Frameworks";
				LD_RUNPATH_SEARCH_PATHS = (
					"$(inherited)",
					"@executable_path/Frameworks",
					"@loader_path/Frameworks",
				);
				MARKETING_VERSION = 1.0;
				PRODUCT_BUNDLE_IDENTIFIER = com.rudderstack.RudderOneTrusttvOS;
				PRODUCT_NAME = "$(TARGET_NAME:c99extidentifier)";
				SDKROOT = appletvos;
				SKIP_INSTALL = YES;
				SWIFT_EMIT_LOC_STRINGS = YES;
				SWIFT_VERSION = 5.0;
				TARGETED_DEVICE_FAMILY = 3;
				TVOS_DEPLOYMENT_TARGET = 16.1;
			};
			name = Debug;
		};
		ED049F48297FE95B0080A88D /* Release */ = {
			isa = XCBuildConfiguration;
			baseConfigurationReference = F6FAF017F463077BE83C1787 /* Pods-RudderOneTrusttvOS.release.xcconfig */;
			buildSettings = {
				CODE_SIGN_STYLE = Automatic;
				CURRENT_PROJECT_VERSION = 1;
				DEFINES_MODULE = YES;
				DYLIB_COMPATIBILITY_VERSION = 1;
				DYLIB_CURRENT_VERSION = 1;
				DYLIB_INSTALL_NAME_BASE = "@rpath";
				GENERATE_INFOPLIST_FILE = YES;
				INFOPLIST_KEY_NSHumanReadableCopyright = "";
				INSTALL_PATH = "$(LOCAL_LIBRARY_DIR)/Frameworks";
				LD_RUNPATH_SEARCH_PATHS = (
					"$(inherited)",
					"@executable_path/Frameworks",
					"@loader_path/Frameworks",
				);
				MARKETING_VERSION = 1.0;
				PRODUCT_BUNDLE_IDENTIFIER = com.rudderstack.RudderOneTrusttvOS;
				PRODUCT_NAME = "$(TARGET_NAME:c99extidentifier)";
				SDKROOT = appletvos;
				SKIP_INSTALL = YES;
				SWIFT_EMIT_LOC_STRINGS = YES;
				SWIFT_VERSION = 5.0;
				TARGETED_DEVICE_FAMILY = 3;
				TVOS_DEPLOYMENT_TARGET = 16.1;
			};
			name = Release;
		};
		ED04A1B5298015AC0080A88D /* Debug */ = {
			isa = XCBuildConfiguration;
			baseConfigurationReference = 87AC4DE045E524878D46DA9D /* Pods-RudderOneTrustiOS-RudderOneTrustiOSTests.debug.xcconfig */;
			buildSettings = {
				CODE_SIGN_STYLE = Automatic;
				CURRENT_PROJECT_VERSION = 1;
				GENERATE_INFOPLIST_FILE = YES;
				MARKETING_VERSION = 1.0;
				PRODUCT_BUNDLE_IDENTIFIER = com.rudderstack.RudderOneTrustiOSTests;
				PRODUCT_NAME = "$(TARGET_NAME)";
				SWIFT_EMIT_LOC_STRINGS = NO;
				SWIFT_VERSION = 5.0;
				TARGETED_DEVICE_FAMILY = "1,2";
			};
			name = Debug;
		};
		ED04A1B6298015AC0080A88D /* Release */ = {
			isa = XCBuildConfiguration;
			baseConfigurationReference = 8E001B3C9B414A8F9A8F1A3F /* Pods-RudderOneTrustiOS-RudderOneTrustiOSTests.release.xcconfig */;
			buildSettings = {
				CODE_SIGN_STYLE = Automatic;
				CURRENT_PROJECT_VERSION = 1;
				GENERATE_INFOPLIST_FILE = YES;
				MARKETING_VERSION = 1.0;
				PRODUCT_BUNDLE_IDENTIFIER = com.rudderstack.RudderOneTrustiOSTests;
				PRODUCT_NAME = "$(TARGET_NAME)";
				SWIFT_EMIT_LOC_STRINGS = NO;
				SWIFT_VERSION = 5.0;
				TARGETED_DEVICE_FAMILY = "1,2";
			};
			name = Release;
		};
		ED04A1C5298015CC0080A88D /* Debug */ = {
			isa = XCBuildConfiguration;
			baseConfigurationReference = 51142345C2EB0CCEC8B8CAA8 /* Pods-RudderOneTrusttvOS-RudderOneTrusttvOSTests.debug.xcconfig */;
			buildSettings = {
				CODE_SIGN_STYLE = Automatic;
				CURRENT_PROJECT_VERSION = 1;
				GENERATE_INFOPLIST_FILE = YES;
				MARKETING_VERSION = 1.0;
				PRODUCT_BUNDLE_IDENTIFIER = com.rudderstack.RudderOneTrusttvOSTests;
				PRODUCT_NAME = "$(TARGET_NAME)";
				SDKROOT = appletvos;
				SWIFT_EMIT_LOC_STRINGS = NO;
				SWIFT_VERSION = 5.0;
				TARGETED_DEVICE_FAMILY = 3;
				TVOS_DEPLOYMENT_TARGET = 16.1;
			};
			name = Debug;
		};
		ED04A1C6298015CC0080A88D /* Release */ = {
			isa = XCBuildConfiguration;
			baseConfigurationReference = F8B796B93D9CF6099A1D082C /* Pods-RudderOneTrusttvOS-RudderOneTrusttvOSTests.release.xcconfig */;
			buildSettings = {
				CODE_SIGN_STYLE = Automatic;
				CURRENT_PROJECT_VERSION = 1;
				GENERATE_INFOPLIST_FILE = YES;
				MARKETING_VERSION = 1.0;
				PRODUCT_BUNDLE_IDENTIFIER = com.rudderstack.RudderOneTrusttvOSTests;
				PRODUCT_NAME = "$(TARGET_NAME)";
				SDKROOT = appletvos;
				SWIFT_EMIT_LOC_STRINGS = NO;
				SWIFT_VERSION = 5.0;
				TARGETED_DEVICE_FAMILY = 3;
				TVOS_DEPLOYMENT_TARGET = 16.1;
			};
			name = Release;
		};
		ED04A1E1298022740080A88D /* Debug */ = {
			isa = XCBuildConfiguration;
			baseConfigurationReference = 7DB71A80FEA784179F39C618 /* Pods-SampleSwiftiOS.debug.xcconfig */;
			buildSettings = {
				ASSETCATALOG_COMPILER_APPICON_NAME = AppIcon;
				ASSETCATALOG_COMPILER_GLOBAL_ACCENT_COLOR_NAME = AccentColor;
				CODE_SIGN_STYLE = Automatic;
				CURRENT_PROJECT_VERSION = 1;
				GENERATE_INFOPLIST_FILE = YES;
				INFOPLIST_FILE = SampleSwiftiOS/Info.plist;
				INFOPLIST_KEY_UIApplicationSupportsIndirectInputEvents = YES;
				INFOPLIST_KEY_UILaunchStoryboardName = LaunchScreen;
				INFOPLIST_KEY_UIMainStoryboardFile = Main;
				INFOPLIST_KEY_UISupportedInterfaceOrientations_iPad = "UIInterfaceOrientationPortrait UIInterfaceOrientationPortraitUpsideDown UIInterfaceOrientationLandscapeLeft UIInterfaceOrientationLandscapeRight";
				INFOPLIST_KEY_UISupportedInterfaceOrientations_iPhone = "UIInterfaceOrientationPortrait UIInterfaceOrientationLandscapeLeft UIInterfaceOrientationLandscapeRight";
				LD_RUNPATH_SEARCH_PATHS = (
					"$(inherited)",
					"@executable_path/Frameworks",
				);
				MARKETING_VERSION = 1.0;
				PRODUCT_BUNDLE_IDENTIFIER = com.rudderstack.SampleSwiftiOS;
				PRODUCT_NAME = "$(TARGET_NAME)";
				SWIFT_EMIT_LOC_STRINGS = YES;
				SWIFT_VERSION = 5.0;
				TARGETED_DEVICE_FAMILY = "1,2";
			};
			name = Debug;
		};
		ED04A1E2298022740080A88D /* Release */ = {
			isa = XCBuildConfiguration;
			baseConfigurationReference = DE674F40947A6F35B9C69A7C /* Pods-SampleSwiftiOS.release.xcconfig */;
			buildSettings = {
				ASSETCATALOG_COMPILER_APPICON_NAME = AppIcon;
				ASSETCATALOG_COMPILER_GLOBAL_ACCENT_COLOR_NAME = AccentColor;
				CODE_SIGN_STYLE = Automatic;
				CURRENT_PROJECT_VERSION = 1;
				GENERATE_INFOPLIST_FILE = YES;
				INFOPLIST_FILE = SampleSwiftiOS/Info.plist;
				INFOPLIST_KEY_UIApplicationSupportsIndirectInputEvents = YES;
				INFOPLIST_KEY_UILaunchStoryboardName = LaunchScreen;
				INFOPLIST_KEY_UIMainStoryboardFile = Main;
				INFOPLIST_KEY_UISupportedInterfaceOrientations_iPad = "UIInterfaceOrientationPortrait UIInterfaceOrientationPortraitUpsideDown UIInterfaceOrientationLandscapeLeft UIInterfaceOrientationLandscapeRight";
				INFOPLIST_KEY_UISupportedInterfaceOrientations_iPhone = "UIInterfaceOrientationPortrait UIInterfaceOrientationLandscapeLeft UIInterfaceOrientationLandscapeRight";
				LD_RUNPATH_SEARCH_PATHS = (
					"$(inherited)",
					"@executable_path/Frameworks",
				);
				MARKETING_VERSION = 1.0;
				PRODUCT_BUNDLE_IDENTIFIER = com.rudderstack.SampleSwiftiOS;
				PRODUCT_NAME = "$(TARGET_NAME)";
				SWIFT_EMIT_LOC_STRINGS = YES;
				SWIFT_VERSION = 5.0;
				TARGETED_DEVICE_FAMILY = "1,2";
			};
			name = Release;
		};
		ED04A1F6298022B60080A88D /* Debug */ = {
			isa = XCBuildConfiguration;
			baseConfigurationReference = CF7F522A7CB0B46DF5EBA23E /* Pods-SampleSwifttvOS.debug.xcconfig */;
			buildSettings = {
				ASSETCATALOG_COMPILER_APPICON_NAME = "App Icon & Top Shelf Image";
				ASSETCATALOG_COMPILER_GLOBAL_ACCENT_COLOR_NAME = AccentColor;
				CODE_SIGN_STYLE = Automatic;
				CURRENT_PROJECT_VERSION = 1;
				GENERATE_INFOPLIST_FILE = YES;
				INFOPLIST_KEY_UILaunchStoryboardName = LaunchScreen;
				INFOPLIST_KEY_UIMainStoryboardFile = Main;
				INFOPLIST_KEY_UIUserInterfaceStyle = Automatic;
				LD_RUNPATH_SEARCH_PATHS = (
					"$(inherited)",
					"@executable_path/Frameworks",
				);
				MARKETING_VERSION = 1.0;
				PRODUCT_BUNDLE_IDENTIFIER = com.rudderstack.SampleSwifttvOS;
				PRODUCT_NAME = "$(TARGET_NAME)";
				SDKROOT = appletvos;
				SWIFT_EMIT_LOC_STRINGS = YES;
				SWIFT_VERSION = 5.0;
				TARGETED_DEVICE_FAMILY = 3;
				TVOS_DEPLOYMENT_TARGET = 16.1;
			};
			name = Debug;
		};
		ED04A1F7298022B60080A88D /* Release */ = {
			isa = XCBuildConfiguration;
			baseConfigurationReference = FAF4CEEFCE7029B3F5F58BEB /* Pods-SampleSwifttvOS.release.xcconfig */;
			buildSettings = {
				ASSETCATALOG_COMPILER_APPICON_NAME = "App Icon & Top Shelf Image";
				ASSETCATALOG_COMPILER_GLOBAL_ACCENT_COLOR_NAME = AccentColor;
				CODE_SIGN_STYLE = Automatic;
				CURRENT_PROJECT_VERSION = 1;
				GENERATE_INFOPLIST_FILE = YES;
				INFOPLIST_KEY_UILaunchStoryboardName = LaunchScreen;
				INFOPLIST_KEY_UIMainStoryboardFile = Main;
				INFOPLIST_KEY_UIUserInterfaceStyle = Automatic;
				LD_RUNPATH_SEARCH_PATHS = (
					"$(inherited)",
					"@executable_path/Frameworks",
				);
				MARKETING_VERSION = 1.0;
				PRODUCT_BUNDLE_IDENTIFIER = com.rudderstack.SampleSwifttvOS;
				PRODUCT_NAME = "$(TARGET_NAME)";
				SDKROOT = appletvos;
				SWIFT_EMIT_LOC_STRINGS = YES;
				SWIFT_VERSION = 5.0;
				TARGETED_DEVICE_FAMILY = 3;
				TVOS_DEPLOYMENT_TARGET = 16.1;
			};
			name = Release;
		};
/* End XCBuildConfiguration section */

/* Begin XCConfigurationList section */
		ED049F21297FE8BE0080A88D /* Build configuration list for PBXProject "RudderOneTrust" */ = {
			isa = XCConfigurationList;
			buildConfigurations = (
				ED049F2C297FE8BE0080A88D /* Debug */,
				ED049F2D297FE8BE0080A88D /* Release */,
			);
			defaultConfigurationIsVisible = 0;
			defaultConfigurationName = Release;
		};
		ED049F3A297FE9460080A88D /* Build configuration list for PBXNativeTarget "RudderOneTrustiOS" */ = {
			isa = XCConfigurationList;
			buildConfigurations = (
				ED049F3B297FE9460080A88D /* Debug */,
				ED049F3C297FE9460080A88D /* Release */,
			);
			defaultConfigurationIsVisible = 0;
			defaultConfigurationName = Release;
		};
		ED049F46297FE95B0080A88D /* Build configuration list for PBXNativeTarget "RudderOneTrusttvOS" */ = {
			isa = XCConfigurationList;
			buildConfigurations = (
				ED049F47297FE95B0080A88D /* Debug */,
				ED049F48297FE95B0080A88D /* Release */,
			);
			defaultConfigurationIsVisible = 0;
			defaultConfigurationName = Release;
		};
		ED04A1B4298015AC0080A88D /* Build configuration list for PBXNativeTarget "RudderOneTrustiOSTests" */ = {
			isa = XCConfigurationList;
			buildConfigurations = (
				ED04A1B5298015AC0080A88D /* Debug */,
				ED04A1B6298015AC0080A88D /* Release */,
			);
			defaultConfigurationIsVisible = 0;
			defaultConfigurationName = Release;
		};
		ED04A1C4298015CC0080A88D /* Build configuration list for PBXNativeTarget "RudderOneTrusttvOSTests" */ = {
			isa = XCConfigurationList;
			buildConfigurations = (
				ED04A1C5298015CC0080A88D /* Debug */,
				ED04A1C6298015CC0080A88D /* Release */,
			);
			defaultConfigurationIsVisible = 0;
			defaultConfigurationName = Release;
		};
		ED04A1E0298022740080A88D /* Build configuration list for PBXNativeTarget "SampleSwiftiOS" */ = {
			isa = XCConfigurationList;
			buildConfigurations = (
				ED04A1E1298022740080A88D /* Debug */,
				ED04A1E2298022740080A88D /* Release */,
			);
			defaultConfigurationIsVisible = 0;
			defaultConfigurationName = Release;
		};
		ED04A1F5298022B60080A88D /* Build configuration list for PBXNativeTarget "SampleSwifttvOS" */ = {
			isa = XCConfigurationList;
			buildConfigurations = (
				ED04A1F6298022B60080A88D /* Debug */,
				ED04A1F7298022B60080A88D /* Release */,
			);
			defaultConfigurationIsVisible = 0;
			defaultConfigurationName = Release;
		};
/* End XCConfigurationList section */
	};
	rootObject = ED049F1E297FE8BE0080A88D /* Project object */;
}
