PODS:
  - OneTrust-CMP-tvOS-XCFramework (202212.1.0.0)
  - OneTrust-CMP-XCFramework (202212.1.0.0)
  - Rudder (1.8.0)
  - RudderOneTrust (1.0.0):
    - OneTrust-CMP-tvOS-XCFramework (= 202212.1.0)
    - OneTrust-CMP-XCFramework (= 202212.1.0)
    - Rudder (~> 1.8.0)

DEPENDENCIES:
  - OneTrust-CMP-tvOS-XCFramework (= 202212.1.0)
  - OneTrust-CMP-XCFramework (= 202212.1.0)
  - Rudder (from `/Users/pallabmaiti/Documents/Rudder/rudder-sdk-ios-v1/`)
  - RudderOneTrust (from `../`)

SPEC REPOS:
  https://github.com/CocoaPods/Specs.git:
    - OneTrust-CMP-tvOS-XCFramework
    - OneTrust-CMP-XCFramework

EXTERNAL SOURCES:
  Rudder:
    :path: "/Users/pallabmaiti/Documents/Rudder/rudder-sdk-ios-v1/"
  RudderOneTrust:
    :path: "../"

SPEC CHECKSUMS:
  OneTrust-CMP-tvOS-XCFramework: 74b5605a3a3904e559689bf48391300edd6c8023
  OneTrust-CMP-XCFramework: fa1812b16760dc13cdefc5c19fc85a48a110c4a8
  Rudder: fe4f9419ffc2a6c210581c813cc63d37435eb164
  RudderOneTrust: 781688a5ccaa0e132c71756e5a9bb022642bc1bc

PODFILE CHECKSUM: 1581675f1d9b19f3aa5db75610c42741b0c1e2f2

COCOAPODS: 1.11.3
